
Microsoft Visual Studio Solution File, Format Version 12.00
# Visual Studio 15
VisualStudioVersion = 15.0.28307.168
MinimumVisualStudioVersion = 10.0.40219.1
Project("{888888A0-9F3D-457C-B088-3A5042F75D52}") = "FIEK-TCP Server", "FIEK-TCP Server\FIEK-TCP Server.pyproj", "{22E8424A-E393-48AA-819C-CE92A7A1A42F}"
EndProject
Global
	GlobalSection(SolutionConfigurationPlatforms) = preSolution
		Debug|Any CPU = Debug|Any CPU
		Release|Any CPU = Release|Any CPU
	EndGlobalSection
	GlobalSection(ProjectConfigurationPlatforms) = postSolution
		{22E8424A-E393-48AA-819C-CE92A7A1A42F}.Debug|Any CPU.ActiveCfg = Debug|Any CPU
		{22E8424A-E393-48AA-819C-CE92A7A1A42F}.Release|Any CPU.ActiveCfg = Release|Any CPU
	EndGlobalSection
	GlobalSection(SolutionProperties) = preSolution
		HideSolutionNode = FALSE
	EndGlobalSection
	GlobalSection(ExtensibilityGlobals) = postSolution
		SolutionGuid = {863D9A33-2555-4105-A15B-115A7F72EE33}
	EndGlobalSection
EndGlobal
